// !$*UTF8*$!
{
	archiveVersion = 1;
	classes = {
	};
	objectVersion = 56;
	objects = {

/* Begin PBXBuildFile section */
		7A0AF3672C32A8F300346149 /* ItemRowView.swift in Sources */ = {isa = PBXBuildFile; fileRef = 7A0AF3662C32A8F300346149 /* ItemRowView.swift */; };
		7A0AF3692C32AB5300346149 /* CreateToDoView.swift in Sources */ = {isa = PBXBuildFile; fileRef = 7A0AF3682C32AB5300346149 /* CreateToDoView.swift */; };
		7A0AF36B2C32AE5700346149 /* HomeView.swift in Sources */ = {isa = PBXBuildFile; fileRef = 7A0AF36A2C32AE5700346149 /* HomeView.swift */; };
		7A1EA6C72C32A5FF007F3856 /* ToDoProjectApp.swift in Sources */ = {isa = PBXBuildFile; fileRef = 7A1EA6C62C32A5FF007F3856 /* ToDoProjectApp.swift */; };
		7A1EA6C92C32A5FF007F3856 /* ContentView.swift in Sources */ = {isa = PBXBuildFile; fileRef = 7A1EA6C82C32A5FF007F3856 /* ContentView.swift */; };
		7A1EA6CB2C32A5FF007F3856 /* Item.swift in Sources */ = {isa = PBXBuildFile; fileRef = 7A1EA6CA2C32A5FF007F3856 /* Item.swift */; };
		7A1EA6CD2C32A602007F3856 /* Assets.xcassets in Resources */ = {isa = PBXBuildFile; fileRef = 7A1EA6CC2C32A602007F3856 /* Assets.xcassets */; };
		7A1EA6D02C32A602007F3856 /* Preview Assets.xcassets in Resources */ = {isa = PBXBuildFile; fileRef = 7A1EA6CF2C32A602007F3856 /* Preview Assets.xcassets */; };
		7A1EA6DA2C32A603007F3856 /* ToDoProjectTests.swift in Sources */ = {isa = PBXBuildFile; fileRef = 7A1EA6D92C32A603007F3856 /* ToDoProjectTests.swift */; };
		7A1EA6E42C32A603007F3856 /* ToDoProjectUITests.swift in Sources */ = {isa = PBXBuildFile; fileRef = 7A1EA6E32C32A603007F3856 /* ToDoProjectUITests.swift */; };
		7A1EA6E62C32A603007F3856 /* ToDoProjectUITestsLaunchTests.swift in Sources */ = {isa = PBXBuildFile; fileRef = 7A1EA6E52C32A603007F3856 /* ToDoProjectUITestsLaunchTests.swift */; };
		7AB723D12C32B648001827B1 /* EditView.swift in Sources */ = {isa = PBXBuildFile; fileRef = 7AB723D02C32B648001827B1 /* EditView.swift */; };
		7AEBE6BE2C33BAD4003914D8 /* HomeViewModel.swift in Sources */ = {isa = PBXBuildFile; fileRef = 7AEBE6BD2C33BAD4003914D8 /* HomeViewModel.swift */; };
		7AEBE6C42C33BB3C003914D8 /* BaseResponse.swift in Sources */ = {isa = PBXBuildFile; fileRef = 7AEBE6C32C33BB3C003914D8 /* BaseResponse.swift */; };
		7AEBE6C92C33BCF2003914D8 /* ApiService.swift in Sources */ = {isa = PBXBuildFile; fileRef = 7AEBE6C82C33BCF2003914D8 /* ApiService.swift */; };
		7AEBE6CB2C33BD86003914D8 /* ApiServiceImpl.swift in Sources */ = {isa = PBXBuildFile; fileRef = 7AEBE6CA2C33BD86003914D8 /* ApiServiceImpl.swift */; };
		7AEBE6D02C33C0F9003914D8 /* FirebaseAuth in Frameworks */ = {isa = PBXBuildFile; productRef = 7AEBE6CF2C33C0F9003914D8 /* FirebaseAuth */; };
		7AEBE6D22C33C0F9003914D8 /* FirebaseFirestore in Frameworks */ = {isa = PBXBuildFile; productRef = 7AEBE6D12C33C0F9003914D8 /* FirebaseFirestore */; };
		7AEBE6D42C33C0F9003914D8 /* FirebaseStorage in Frameworks */ = {isa = PBXBuildFile; productRef = 7AEBE6D32C33C0F9003914D8 /* FirebaseStorage */; };
		7AEBE6D82C33C13C003914D8 /* AppDelegate.swift in Sources */ = {isa = PBXBuildFile; fileRef = 7AEBE6D72C33C13C003914D8 /* AppDelegate.swift */; };
		7AEBE6DA2C33CA46003914D8 /* TestView.swift in Sources */ = {isa = PBXBuildFile; fileRef = 7AEBE6D92C33CA46003914D8 /* TestView.swift */; };
		7AEBE6DD2C33CF75003914D8 /* ToDoProjectRepository.swift in Sources */ = {isa = PBXBuildFile; fileRef = 7AEBE6DC2C33CF75003914D8 /* ToDoProjectRepository.swift */; };
		7AEBE6DF2C33CFAB003914D8 /* ToDoProjectRepositoryImpl.swift in Sources */ = {isa = PBXBuildFile; fileRef = 7AEBE6DE2C33CFAB003914D8 /* ToDoProjectRepositoryImpl.swift */; };
		7AEBE6E12C33D6A0003914D8 /* MockToDoRepositoryImpl.swift in Sources */ = {isa = PBXBuildFile; fileRef = 7AEBE6E02C33D6A0003914D8 /* MockToDoRepositoryImpl.swift */; };
		7AEBE6E32C33DE3E003914D8 /* GoogleService-Info.plist in Resources */ = {isa = PBXBuildFile; fileRef = 7AEBE6E22C33DE3E003914D8 /* GoogleService-Info.plist */; };
		7AEBE6E62C33EF32003914D8 /* Kingfisher in Frameworks */ = {isa = PBXBuildFile; productRef = 7AEBE6E52C33EF32003914D8 /* Kingfisher */; };
/* End PBXBuildFile section */

/* Begin PBXContainerItemProxy section */
		7A1EA6D62C32A603007F3856 /* PBXContainerItemProxy */ = {
			isa = PBXContainerItemProxy;
			containerPortal = 7A1EA6BB2C32A5FF007F3856 /* Project object */;
			proxyType = 1;
			remoteGlobalIDString = 7A1EA6C22C32A5FF007F3856;
			remoteInfo = ToDoProject;
		};
		7A1EA6E02C32A603007F3856 /* PBXContainerItemProxy */ = {
			isa = PBXContainerItemProxy;
			containerPortal = 7A1EA6BB2C32A5FF007F3856 /* Project object */;
			proxyType = 1;
			remoteGlobalIDString = 7A1EA6C22C32A5FF007F3856;
			remoteInfo = ToDoProject;
		};
/* End PBXContainerItemProxy section */

/* Begin PBXFileReference section */
		7A0AF3662C32A8F300346149 /* ItemRowView.swift */ = {isa = PBXFileReference; lastKnownFileType = sourcecode.swift; path = ItemRowView.swift; sourceTree = "<group>"; };
		7A0AF3682C32AB5300346149 /* CreateToDoView.swift */ = {isa = PBXFileReference; lastKnownFileType = sourcecode.swift; path = CreateToDoView.swift; sourceTree = "<group>"; };
		7A0AF36A2C32AE5700346149 /* HomeView.swift */ = {isa = PBXFileReference; lastKnownFileType = sourcecode.swift; path = HomeView.swift; sourceTree = "<group>"; };
		7A1EA6C32C32A5FF007F3856 /* ToDoProject.app */ = {isa = PBXFileReference; explicitFileType = wrapper.application; includeInIndex = 0; path = ToDoProject.app; sourceTree = BUILT_PRODUCTS_DIR; };
		7A1EA6C62C32A5FF007F3856 /* ToDoProjectApp.swift */ = {isa = PBXFileReference; lastKnownFileType = sourcecode.swift; path = ToDoProjectApp.swift; sourceTree = "<group>"; };
		7A1EA6C82C32A5FF007F3856 /* ContentView.swift */ = {isa = PBXFileReference; lastKnownFileType = sourcecode.swift; path = ContentView.swift; sourceTree = "<group>"; };
		7A1EA6CA2C32A5FF007F3856 /* Item.swift */ = {isa = PBXFileReference; lastKnownFileType = sourcecode.swift; path = Item.swift; sourceTree = "<group>"; };
		7A1EA6CC2C32A602007F3856 /* Assets.xcassets */ = {isa = PBXFileReference; lastKnownFileType = folder.assetcatalog; path = Assets.xcassets; sourceTree = "<group>"; };
		7A1EA6CF2C32A602007F3856 /* Preview Assets.xcassets */ = {isa = PBXFileReference; lastKnownFileType = folder.assetcatalog; path = "Preview Assets.xcassets"; sourceTree = "<group>"; };
		7A1EA6D52C32A603007F3856 /* ToDoProjectTests.xctest */ = {isa = PBXFileReference; explicitFileType = wrapper.cfbundle; includeInIndex = 0; path = ToDoProjectTests.xctest; sourceTree = BUILT_PRODUCTS_DIR; };
		7A1EA6D92C32A603007F3856 /* ToDoProjectTests.swift */ = {isa = PBXFileReference; lastKnownFileType = sourcecode.swift; path = ToDoProjectTests.swift; sourceTree = "<group>"; };
		7A1EA6DF2C32A603007F3856 /* ToDoProjectUITests.xctest */ = {isa = PBXFileReference; explicitFileType = wrapper.cfbundle; includeInIndex = 0; path = ToDoProjectUITests.xctest; sourceTree = BUILT_PRODUCTS_DIR; };
		7A1EA6E32C32A603007F3856 /* ToDoProjectUITests.swift */ = {isa = PBXFileReference; lastKnownFileType = sourcecode.swift; path = ToDoProjectUITests.swift; sourceTree = "<group>"; };
		7A1EA6E52C32A603007F3856 /* ToDoProjectUITestsLaunchTests.swift */ = {isa = PBXFileReference; lastKnownFileType = sourcecode.swift; path = ToDoProjectUITestsLaunchTests.swift; sourceTree = "<group>"; };
		7AB723D02C32B648001827B1 /* EditView.swift */ = {isa = PBXFileReference; lastKnownFileType = sourcecode.swift; path = EditView.swift; sourceTree = "<group>"; };
		7AEBE6BD2C33BAD4003914D8 /* HomeViewModel.swift */ = {isa = PBXFileReference; lastKnownFileType = sourcecode.swift; path = HomeViewModel.swift; sourceTree = "<group>"; };
		7AEBE6C32C33BB3C003914D8 /* BaseResponse.swift */ = {isa = PBXFileReference; lastKnownFileType = sourcecode.swift; path = BaseResponse.swift; sourceTree = "<group>"; };
		7AEBE6C82C33BCF2003914D8 /* ApiService.swift */ = {isa = PBXFileReference; lastKnownFileType = sourcecode.swift; path = ApiService.swift; sourceTree = "<group>"; };
		7AEBE6CA2C33BD86003914D8 /* ApiServiceImpl.swift */ = {isa = PBXFileReference; lastKnownFileType = sourcecode.swift; path = ApiServiceImpl.swift; sourceTree = "<group>"; };
		7AEBE6D72C33C13C003914D8 /* AppDelegate.swift */ = {isa = PBXFileReference; lastKnownFileType = sourcecode.swift; path = AppDelegate.swift; sourceTree = "<group>"; };
		7AEBE6D92C33CA46003914D8 /* TestView.swift */ = {isa = PBXFileReference; lastKnownFileType = sourcecode.swift; path = TestView.swift; sourceTree = "<group>"; };
		7AEBE6DC2C33CF75003914D8 /* ToDoProjectRepository.swift */ = {isa = PBXFileReference; lastKnownFileType = sourcecode.swift; path = ToDoProjectRepository.swift; sourceTree = "<group>"; };
		7AEBE6DE2C33CFAB003914D8 /* ToDoProjectRepositoryImpl.swift */ = {isa = PBXFileReference; lastKnownFileType = sourcecode.swift; path = ToDoProjectRepositoryImpl.swift; sourceTree = "<group>"; };
		7AEBE6E02C33D6A0003914D8 /* MockToDoRepositoryImpl.swift */ = {isa = PBXFileReference; lastKnownFileType = sourcecode.swift; path = MockToDoRepositoryImpl.swift; sourceTree = "<group>"; };
		7AEBE6E22C33DE3E003914D8 /* GoogleService-Info.plist */ = {isa = PBXFileReference; fileEncoding = 4; lastKnownFileType = text.plist.xml; path = "GoogleService-Info.plist"; sourceTree = "<group>"; };
/* End PBXFileReference section */

/* Begin PBXFrameworksBuildPhase section */
		7A1EA6C02C32A5FF007F3856 /* Frameworks */ = {
			isa = PBXFrameworksBuildPhase;
			buildActionMask = 2147483647;
			files = (
				7AEBE6E62C33EF32003914D8 /* Kingfisher in Frameworks */,
				7AEBE6D02C33C0F9003914D8 /* FirebaseAuth in Frameworks */,
				7AEBE6D22C33C0F9003914D8 /* FirebaseFirestore in Frameworks */,
				7AEBE6D42C33C0F9003914D8 /* FirebaseStorage in Frameworks */,
			);
			runOnlyForDeploymentPostprocessing = 0;
		};
		7A1EA6D22C32A603007F3856 /* Frameworks */ = {
			isa = PBXFrameworksBuildPhase;
			buildActionMask = 2147483647;
			files = (
			);
			runOnlyForDeploymentPostprocessing = 0;
		};
		7A1EA6DC2C32A603007F3856 /* Frameworks */ = {
			isa = PBXFrameworksBuildPhase;
			buildActionMask = 2147483647;
			files = (
			);
			runOnlyForDeploymentPostprocessing = 0;
		};
/* End PBXFrameworksBuildPhase section */

/* Begin PBXGroup section */
		7A0AF36C2C32AEB700346149 /* Views */ = {
			isa = PBXGroup;
			children = (
				7A0AF36A2C32AE5700346149 /* HomeView.swift */,
				7A0AF3662C32A8F300346149 /* ItemRowView.swift */,
				7A0AF3682C32AB5300346149 /* CreateToDoView.swift */,
				7AB723D02C32B648001827B1 /* EditView.swift */,
				7AEBE6D92C33CA46003914D8 /* TestView.swift */,
			);
			path = Views;
			sourceTree = "<group>";
		};
		7A1EA6BA2C32A5FF007F3856 = {
			isa = PBXGroup;
			children = (
				7A1EA6C52C32A5FF007F3856 /* ToDoProject */,
				7A1EA6D82C32A603007F3856 /* ToDoProjectTests */,
				7A1EA6E22C32A603007F3856 /* ToDoProjectUITests */,
				7A1EA6C42C32A5FF007F3856 /* Products */,
			);
			sourceTree = "<group>";
		};
		7A1EA6C42C32A5FF007F3856 /* Products */ = {
			isa = PBXGroup;
			children = (
				7A1EA6C32C32A5FF007F3856 /* ToDoProject.app */,
				7A1EA6D52C32A603007F3856 /* ToDoProjectTests.xctest */,
				7A1EA6DF2C32A603007F3856 /* ToDoProjectUITests.xctest */,
			);
			name = Products;
			sourceTree = "<group>";
		};
		7A1EA6C52C32A5FF007F3856 /* ToDoProject */ = {
			isa = PBXGroup;
			children = (
				7A0AF36C2C32AEB700346149 /* Views */,
				7AEBE6BC2C33BAC3003914D8 /* ViewModel */,
				7AEBE6DB2C33CF0C003914D8 /* repository */,
				7AEBE6C52C33BCB3003914D8 /* remote */,
				7AB723CF2C32B4C9001827B1 /* Model */,
				7AEBE6D62C33C11A003914D8 /* Delegate */,
				7A1EA6C62C32A5FF007F3856 /* ToDoProjectApp.swift */,
				7A1EA6C82C32A5FF007F3856 /* ContentView.swift */,
				7AEBE6E22C33DE3E003914D8 /* GoogleService-Info.plist */,
				7A1EA6CC2C32A602007F3856 /* Assets.xcassets */,
				7A1EA6CE2C32A602007F3856 /* Preview Content */,
			);
			path = ToDoProject;
			sourceTree = "<group>";
		};
		7A1EA6CE2C32A602007F3856 /* Preview Content */ = {
			isa = PBXGroup;
			children = (
				7A1EA6CF2C32A602007F3856 /* Preview Assets.xcassets */,
			);
			path = "Preview Content";
			sourceTree = "<group>";
		};
		7A1EA6D82C32A603007F3856 /* ToDoProjectTests */ = {
			isa = PBXGroup;
			children = (
				7A1EA6D92C32A603007F3856 /* ToDoProjectTests.swift */,
			);
			path = ToDoProjectTests;
			sourceTree = "<group>";
		};
		7A1EA6E22C32A603007F3856 /* ToDoProjectUITests */ = {
			isa = PBXGroup;
			children = (
				7A1EA6E32C32A603007F3856 /* ToDoProjectUITests.swift */,
				7A1EA6E52C32A603007F3856 /* ToDoProjectUITestsLaunchTests.swift */,
			);
			path = ToDoProjectUITests;
			sourceTree = "<group>";
		};
		7AB723CF2C32B4C9001827B1 /* Model */ = {
			isa = PBXGroup;
			children = (
				7AEBE6C12C33BB0E003914D8 /* response */,
				7AEBE6C02C33BAF2003914D8 /* database */,
			);
			path = Model;
			sourceTree = "<group>";
		};
		7AEBE6BC2C33BAC3003914D8 /* ViewModel */ = {
			isa = PBXGroup;
			children = (
				7AEBE6BD2C33BAD4003914D8 /* HomeViewModel.swift */,
			);
			path = ViewModel;
			sourceTree = "<group>";
		};
		7AEBE6C02C33BAF2003914D8 /* database */ = {
			isa = PBXGroup;
			children = (
				7A1EA6CA2C32A5FF007F3856 /* Item.swift */,
			);
			path = database;
			sourceTree = "<group>";
		};
		7AEBE6C12C33BB0E003914D8 /* response */ = {
			isa = PBXGroup;
			children = (
				7AEBE6C32C33BB3C003914D8 /* BaseResponse.swift */,
			);
			path = response;
			sourceTree = "<group>";
		};
		7AEBE6C52C33BCB3003914D8 /* remote */ = {
			isa = PBXGroup;
			children = (
				7AEBE6C72C33BCDC003914D8 /* client */,
				7AEBE6C62C33BCD6003914D8 /* service */,
			);
			path = remote;
			sourceTree = "<group>";
		};
		7AEBE6C62C33BCD6003914D8 /* service */ = {
			isa = PBXGroup;
			children = (
				7AEBE6C82C33BCF2003914D8 /* ApiService.swift */,
				7AEBE6CA2C33BD86003914D8 /* ApiServiceImpl.swift */,
			);
			path = service;
			sourceTree = "<group>";
		};
		7AEBE6C72C33BCDC003914D8 /* client */ = {
			isa = PBXGroup;
			children = (
			);
			path = client;
			sourceTree = "<group>";
		};
		7AEBE6D62C33C11A003914D8 /* Delegate */ = {
			isa = PBXGroup;
			children = (
				7AEBE6D72C33C13C003914D8 /* AppDelegate.swift */,
			);
			path = Delegate;
			sourceTree = "<group>";
		};
		7AEBE6DB2C33CF0C003914D8 /* repository */ = {
			isa = PBXGroup;
			children = (
				7AEBE6DC2C33CF75003914D8 /* ToDoProjectRepository.swift */,
				7AEBE6DE2C33CFAB003914D8 /* ToDoProjectRepositoryImpl.swift */,
				7AEBE6E02C33D6A0003914D8 /* MockToDoRepositoryImpl.swift */,
			);
			path = repository;
			sourceTree = "<group>";
		};
/* End PBXGroup section */

/* Begin PBXNativeTarget section */
		7A1EA6C22C32A5FF007F3856 /* ToDoProject */ = {
			isa = PBXNativeTarget;
			buildConfigurationList = 7A1EA6E92C32A603007F3856 /* Build configuration list for PBXNativeTarget "ToDoProject" */;
			buildPhases = (
				7A1EA6BF2C32A5FF007F3856 /* Sources */,
				7A1EA6C02C32A5FF007F3856 /* Frameworks */,
				7A1EA6C12C32A5FF007F3856 /* Resources */,
			);
			buildRules = (
			);
			dependencies = (
			);
			name = ToDoProject;
			packageProductDependencies = (
				7AEBE6CF2C33C0F9003914D8 /* FirebaseAuth */,
				7AEBE6D12C33C0F9003914D8 /* FirebaseFirestore */,
				7AEBE6D32C33C0F9003914D8 /* FirebaseStorage */,
				7AEBE6E52C33EF32003914D8 /* Kingfisher */,
			);
			productName = ToDoProject;
			productReference = 7A1EA6C32C32A5FF007F3856 /* ToDoProject.app */;
			productType = "com.apple.product-type.application";
		};
		7A1EA6D42C32A603007F3856 /* ToDoProjectTests */ = {
			isa = PBXNativeTarget;
			buildConfigurationList = 7A1EA6EC2C32A603007F3856 /* Build configuration list for PBXNativeTarget "ToDoProjectTests" */;
			buildPhases = (
				7A1EA6D12C32A603007F3856 /* Sources */,
				7A1EA6D22C32A603007F3856 /* Frameworks */,
				7A1EA6D32C32A603007F3856 /* Resources */,
			);
			buildRules = (
			);
			dependencies = (
				7A1EA6D72C32A603007F3856 /* PBXTargetDependency */,
			);
			name = ToDoProjectTests;
			productName = ToDoProjectTests;
			productReference = 7A1EA6D52C32A603007F3856 /* ToDoProjectTests.xctest */;
			productType = "com.apple.product-type.bundle.unit-test";
		};
		7A1EA6DE2C32A603007F3856 /* ToDoProjectUITests */ = {
			isa = PBXNativeTarget;
			buildConfigurationList = 7A1EA6EF2C32A603007F3856 /* Build configuration list for PBXNativeTarget "ToDoProjectUITests" */;
			buildPhases = (
				7A1EA6DB2C32A603007F3856 /* Sources */,
				7A1EA6DC2C32A603007F3856 /* Frameworks */,
				7A1EA6DD2C32A603007F3856 /* Resources */,
			);
			buildRules = (
			);
			dependencies = (
				7A1EA6E12C32A603007F3856 /* PBXTargetDependency */,
			);
			name = ToDoProjectUITests;
			productName = ToDoProjectUITests;
			productReference = 7A1EA6DF2C32A603007F3856 /* ToDoProjectUITests.xctest */;
			productType = "com.apple.product-type.bundle.ui-testing";
		};
/* End PBXNativeTarget section */

/* Begin PBXProject section */
		7A1EA6BB2C32A5FF007F3856 /* Project object */ = {
			isa = PBXProject;
			attributes = {
				BuildIndependentTargetsInParallel = 1;
				LastSwiftUpdateCheck = 1540;
				LastUpgradeCheck = 1540;
				TargetAttributes = {
					7A1EA6C22C32A5FF007F3856 = {
						CreatedOnToolsVersion = 15.4;
					};
					7A1EA6D42C32A603007F3856 = {
						CreatedOnToolsVersion = 15.4;
						TestTargetID = 7A1EA6C22C32A5FF007F3856;
					};
					7A1EA6DE2C32A603007F3856 = {
						CreatedOnToolsVersion = 15.4;
						TestTargetID = 7A1EA6C22C32A5FF007F3856;
					};
				};
			};
			buildConfigurationList = 7A1EA6BE2C32A5FF007F3856 /* Build configuration list for PBXProject "ToDoProject" */;
			compatibilityVersion = "Xcode 14.0";
			developmentRegion = en;
			hasScannedForEncodings = 0;
			knownRegions = (
				en,
				Base,
			);
			mainGroup = 7A1EA6BA2C32A5FF007F3856;
			packageReferences = (
				7AEBE6CE2C33C0F9003914D8 /* XCRemoteSwiftPackageReference "firebase-ios-sdk" */,
				7AEBE6E42C33EF32003914D8 /* XCRemoteSwiftPackageReference "Kingfisher" */,
			);
			productRefGroup = 7A1EA6C42C32A5FF007F3856 /* Products */;
			projectDirPath = "";
			projectRoot = "";
			targets = (
				7A1EA6C22C32A5FF007F3856 /* ToDoProject */,
				7A1EA6D42C32A603007F3856 /* ToDoProjectTests */,
				7A1EA6DE2C32A603007F3856 /* ToDoProjectUITests */,
			);
		};
/* End PBXProject section */

/* Begin PBXResourcesBuildPhase section */
		7A1EA6C12C32A5FF007F3856 /* Resources */ = {
			isa = PBXResourcesBuildPhase;
			buildActionMask = 2147483647;
			files = (
				7A1EA6D02C32A602007F3856 /* Preview Assets.xcassets in Resources */,
				7AEBE6E32C33DE3E003914D8 /* GoogleService-Info.plist in Resources */,
				7A1EA6CD2C32A602007F3856 /* Assets.xcassets in Resources */,
			);
			runOnlyForDeploymentPostprocessing = 0;
		};
		7A1EA6D32C32A603007F3856 /* Resources */ = {
			isa = PBXResourcesBuildPhase;
			buildActionMask = 2147483647;
			files = (
			);
			runOnlyForDeploymentPostprocessing = 0;
		};
		7A1EA6DD2C32A603007F3856 /* Resources */ = {
			isa = PBXResourcesBuildPhase;
			buildActionMask = 2147483647;
			files = (
			);
			runOnlyForDeploymentPostprocessing = 0;
		};
/* End PBXResourcesBuildPhase section */

/* Begin PBXSourcesBuildPhase section */
		7A1EA6BF2C32A5FF007F3856 /* Sources */ = {
			isa = PBXSourcesBuildPhase;
			buildActionMask = 2147483647;
			files = (
				7AEBE6D82C33C13C003914D8 /* AppDelegate.swift in Sources */,
				7AEBE6C42C33BB3C003914D8 /* BaseResponse.swift in Sources */,
				7A1EA6C92C32A5FF007F3856 /* ContentView.swift in Sources */,
				7AEBE6CB2C33BD86003914D8 /* ApiServiceImpl.swift in Sources */,
				7AEBE6BE2C33BAD4003914D8 /* HomeViewModel.swift in Sources */,
				7A1EA6CB2C32A5FF007F3856 /* Item.swift in Sources */,
				7A0AF3692C32AB5300346149 /* CreateToDoView.swift in Sources */,
				7AEBE6DA2C33CA46003914D8 /* TestView.swift in Sources */,
				7A0AF36B2C32AE5700346149 /* HomeView.swift in Sources */,
				7AEBE6E12C33D6A0003914D8 /* MockToDoRepositoryImpl.swift in Sources */,
				7AEBE6DD2C33CF75003914D8 /* ToDoProjectRepository.swift in Sources */,
				7AEBE6C92C33BCF2003914D8 /* ApiService.swift in Sources */,
				7AB723D12C32B648001827B1 /* EditView.swift in Sources */,
				7A0AF3672C32A8F300346149 /* ItemRowView.swift in Sources */,
				7AEBE6DF2C33CFAB003914D8 /* ToDoProjectRepositoryImpl.swift in Sources */,
				7A1EA6C72C32A5FF007F3856 /* ToDoProjectApp.swift in Sources */,
			);
			runOnlyForDeploymentPostprocessing = 0;
		};
		7A1EA6D12C32A603007F3856 /* Sources */ = {
			isa = PBXSourcesBuildPhase;
			buildActionMask = 2147483647;
			files = (
				7A1EA6DA2C32A603007F3856 /* ToDoProjectTests.swift in Sources */,
			);
			runOnlyForDeploymentPostprocessing = 0;
		};
		7A1EA6DB2C32A603007F3856 /* Sources */ = {
			isa = PBXSourcesBuildPhase;
			buildActionMask = 2147483647;
			files = (
				7A1EA6E62C32A603007F3856 /* ToDoProjectUITestsLaunchTests.swift in Sources */,
				7A1EA6E42C32A603007F3856 /* ToDoProjectUITests.swift in Sources */,
			);
			runOnlyForDeploymentPostprocessing = 0;
		};
/* End PBXSourcesBuildPhase section */

/* Begin PBXTargetDependency section */
		7A1EA6D72C32A603007F3856 /* PBXTargetDependency */ = {
			isa = PBXTargetDependency;
			target = 7A1EA6C22C32A5FF007F3856 /* ToDoProject */;
			targetProxy = 7A1EA6D62C32A603007F3856 /* PBXContainerItemProxy */;
		};
		7A1EA6E12C32A603007F3856 /* PBXTargetDependency */ = {
			isa = PBXTargetDependency;
			target = 7A1EA6C22C32A5FF007F3856 /* ToDoProject */;
			targetProxy = 7A1EA6E02C32A603007F3856 /* PBXContainerItemProxy */;
		};
/* End PBXTargetDependency section */

/* Begin XCBuildConfiguration section */
		7A1EA6E72C32A603007F3856 /* Debug */ = {
			isa = XCBuildConfiguration;
			buildSettings = {
				ALWAYS_SEARCH_USER_PATHS = NO;
				ASSETCATALOG_COMPILER_GENERATE_SWIFT_ASSET_SYMBOL_EXTENSIONS = YES;
				CLANG_ANALYZER_NONNULL = YES;
				CLANG_ANALYZER_NUMBER_OBJECT_CONVERSION = YES_AGGRESSIVE;
				CLANG_CXX_LANGUAGE_STANDARD = "gnu++20";
				CLANG_ENABLE_MODULES = YES;
				CLANG_ENABLE_OBJC_ARC = YES;
				CLANG_ENABLE_OBJC_WEAK = YES;
				CLANG_WARN_BLOCK_CAPTURE_AUTORELEASING = YES;
				CLANG_WARN_BOOL_CONVERSION = YES;
				CLANG_WARN_COMMA = YES;
				CLANG_WARN_CONSTANT_CONVERSION = YES;
				CLANG_WARN_DEPRECATED_OBJC_IMPLEMENTATIONS = YES;
				CLANG_WARN_DIRECT_OBJC_ISA_USAGE = YES_ERROR;
				CLANG_WARN_DOCUMENTATION_COMMENTS = YES;
				CLANG_WARN_EMPTY_BODY = YES;
				CLANG_WARN_ENUM_CONVERSION = YES;
				CLANG_WARN_INFINITE_RECURSION = YES;
				CLANG_WARN_INT_CONVERSION = YES;
				CLANG_WARN_NON_LITERAL_NULL_CONVERSION = YES;
				CLANG_WARN_OBJC_IMPLICIT_RETAIN_SELF = YES;
				CLANG_WARN_OBJC_LITERAL_CONVERSION = YES;
				CLANG_WARN_OBJC_ROOT_CLASS = YES_ERROR;
				CLANG_WARN_QUOTED_INCLUDE_IN_FRAMEWORK_HEADER = YES;
				CLANG_WARN_RANGE_LOOP_ANALYSIS = YES;
				CLANG_WARN_STRICT_PROTOTYPES = YES;
				CLANG_WARN_SUSPICIOUS_MOVE = YES;
				CLANG_WARN_UNGUARDED_AVAILABILITY = YES_AGGRESSIVE;
				CLANG_WARN_UNREACHABLE_CODE = YES;
				CLANG_WARN__DUPLICATE_METHOD_MATCH = YES;
				COPY_PHASE_STRIP = NO;
				DEBUG_INFORMATION_FORMAT = dwarf;
				ENABLE_STRICT_OBJC_MSGSEND = YES;
				ENABLE_TESTABILITY = YES;
				ENABLE_USER_SCRIPT_SANDBOXING = YES;
				GCC_C_LANGUAGE_STANDARD = gnu17;
				GCC_DYNAMIC_NO_PIC = NO;
				GCC_NO_COMMON_BLOCKS = YES;
				GCC_OPTIMIZATION_LEVEL = 0;
				GCC_PREPROCESSOR_DEFINITIONS = (
					"DEBUG=1",
					"$(inherited)",
				);
				GCC_WARN_64_TO_32_BIT_CONVERSION = YES;
				GCC_WARN_ABOUT_RETURN_TYPE = YES_ERROR;
				GCC_WARN_UNDECLARED_SELECTOR = YES;
				GCC_WARN_UNINITIALIZED_AUTOS = YES_AGGRESSIVE;
				GCC_WARN_UNUSED_FUNCTION = YES;
				GCC_WARN_UNUSED_VARIABLE = YES;
				IPHONEOS_DEPLOYMENT_TARGET = 17.0;
				LOCALIZATION_PREFERS_STRING_CATALOGS = YES;
				MTL_ENABLE_DEBUG_INFO = INCLUDE_SOURCE;
				MTL_FAST_MATH = YES;
				ONLY_ACTIVE_ARCH = YES;
				SDKROOT = iphoneos;
				SWIFT_ACTIVE_COMPILATION_CONDITIONS = "DEBUG $(inherited)";
				SWIFT_OPTIMIZATION_LEVEL = "-Onone";
			};
			name = Debug;
		};
		7A1EA6E82C32A603007F3856 /* Release */ = {
			isa = XCBuildConfiguration;
			buildSettings = {
				ALWAYS_SEARCH_USER_PATHS = NO;
				ASSETCATALOG_COMPILER_GENERATE_SWIFT_ASSET_SYMBOL_EXTENSIONS = YES;
				CLANG_ANALYZER_NONNULL = YES;
				CLANG_ANALYZER_NUMBER_OBJECT_CONVERSION = YES_AGGRESSIVE;
				CLANG_CXX_LANGUAGE_STANDARD = "gnu++20";
				CLANG_ENABLE_MODULES = YES;
				CLANG_ENABLE_OBJC_ARC = YES;
				CLANG_ENABLE_OBJC_WEAK = YES;
				CLANG_WARN_BLOCK_CAPTURE_AUTORELEASING = YES;
				CLANG_WARN_BOOL_CONVERSION = YES;
				CLANG_WARN_COMMA = YES;
				CLANG_WARN_CONSTANT_CONVERSION = YES;
				CLANG_WARN_DEPRECATED_OBJC_IMPLEMENTATIONS = YES;
				CLANG_WARN_DIRECT_OBJC_ISA_USAGE = YES_ERROR;
				CLANG_WARN_DOCUMENTATION_COMMENTS = YES;
				CLANG_WARN_EMPTY_BODY = YES;
				CLANG_WARN_ENUM_CONVERSION = YES;
				CLANG_WARN_INFINITE_RECURSION = YES;
				CLANG_WARN_INT_CONVERSION = YES;
				CLANG_WARN_NON_LITERAL_NULL_CONVERSION = YES;
				CLANG_WARN_OBJC_IMPLICIT_RETAIN_SELF = YES;
				CLANG_WARN_OBJC_LITERAL_CONVERSION = YES;
				CLANG_WARN_OBJC_ROOT_CLASS = YES_ERROR;
				CLANG_WARN_QUOTED_INCLUDE_IN_FRAMEWORK_HEADER = YES;
				CLANG_WARN_RANGE_LOOP_ANALYSIS = YES;
				CLANG_WARN_STRICT_PROTOTYPES = YES;
				CLANG_WARN_SUSPICIOUS_MOVE = YES;
				CLANG_WARN_UNGUARDED_AVAILABILITY = YES_AGGRESSIVE;
				CLANG_WARN_UNREACHABLE_CODE = YES;
				CLANG_WARN__DUPLICATE_METHOD_MATCH = YES;
				COPY_PHASE_STRIP = NO;
				DEBUG_INFORMATION_FORMAT = "dwarf-with-dsym";
				ENABLE_NS_ASSERTIONS = NO;
				ENABLE_STRICT_OBJC_MSGSEND = YES;
				ENABLE_USER_SCRIPT_SANDBOXING = YES;
				GCC_C_LANGUAGE_STANDARD = gnu17;
				GCC_NO_COMMON_BLOCKS = YES;
				GCC_WARN_64_TO_32_BIT_CONVERSION = YES;
				GCC_WARN_ABOUT_RETURN_TYPE = YES_ERROR;
				GCC_WARN_UNDECLARED_SELECTOR = YES;
				GCC_WARN_UNINITIALIZED_AUTOS = YES_AGGRESSIVE;
				GCC_WARN_UNUSED_FUNCTION = YES;
				GCC_WARN_UNUSED_VARIABLE = YES;
				IPHONEOS_DEPLOYMENT_TARGET = 17.0;
				LOCALIZATION_PREFERS_STRING_CATALOGS = YES;
				MTL_ENABLE_DEBUG_INFO = NO;
				MTL_FAST_MATH = YES;
				SDKROOT = iphoneos;
				SWIFT_COMPILATION_MODE = wholemodule;
				VALIDATE_PRODUCT = YES;
			};
			name = Release;
		};
		7A1EA6EA2C32A603007F3856 /* Debug */ = {
			isa = XCBuildConfiguration;
			buildSettings = {
				ASSETCATALOG_COMPILER_APPICON_NAME = AppIcon;
				ASSETCATALOG_COMPILER_GLOBAL_ACCENT_COLOR_NAME = AccentColor;
				CODE_SIGN_STYLE = Automatic;
				CURRENT_PROJECT_VERSION = 1;
				DEVELOPMENT_ASSET_PATHS = "\"ToDoProject/Preview Content\"";
				DEVELOPMENT_TEAM = 9Q47TYNJJ4;
				ENABLE_PREVIEWS = YES;
				GENERATE_INFOPLIST_FILE = YES;
				INFOPLIST_KEY_UIApplicationSceneManifest_Generation = YES;
				INFOPLIST_KEY_UIApplicationSupportsIndirectInputEvents = YES;
				INFOPLIST_KEY_UILaunchScreen_Generation = YES;
				INFOPLIST_KEY_UISupportedInterfaceOrientations_iPad = "UIInterfaceOrientationPortrait UIInterfaceOrientationPortraitUpsideDown UIInterfaceOrientationLandscapeLeft UIInterfaceOrientationLandscapeRight";
				INFOPLIST_KEY_UISupportedInterfaceOrientations_iPhone = "UIInterfaceOrientationPortrait UIInterfaceOrientationLandscapeLeft UIInterfaceOrientationLandscapeRight";
				LD_RUNPATH_SEARCH_PATHS = (
					"$(inherited)",
					"@executable_path/Frameworks",
				);
				MARKETING_VERSION = 1.0;
				PRODUCT_BUNDLE_IDENTIFIER = siamsharif.ToDoProject;
				PRODUCT_NAME = "$(TARGET_NAME)";
				SWIFT_EMIT_LOC_STRINGS = YES;
				SWIFT_VERSION = 5.0;
				TARGETED_DEVICE_FAMILY = "1,2";
			};
			name = Debug;
		};
		7A1EA6EB2C32A603007F3856 /* Release */ = {
			isa = XCBuildConfiguration;
			buildSettings = {
				ASSETCATALOG_COMPILER_APPICON_NAME = AppIcon;
				ASSETCATALOG_COMPILER_GLOBAL_ACCENT_COLOR_NAME = AccentColor;
				CODE_SIGN_STYLE = Automatic;
				CURRENT_PROJECT_VERSION = 1;
				DEVELOPMENT_ASSET_PATHS = "\"ToDoProject/Preview Content\"";
				DEVELOPMENT_TEAM = 9Q47TYNJJ4;
				ENABLE_PREVIEWS = YES;
				GENERATE_INFOPLIST_FILE = YES;
				INFOPLIST_KEY_UIApplicationSceneManifest_Generation = YES;
				INFOPLIST_KEY_UIApplicationSupportsIndirectInputEvents = YES;
				INFOPLIST_KEY_UILaunchScreen_Generation = YES;
				INFOPLIST_KEY_UISupportedInterfaceOrientations_iPad = "UIInterfaceOrientationPortrait UIInterfaceOrientationPortraitUpsideDown UIInterfaceOrientationLandscapeLeft UIInterfaceOrientationLandscapeRight";
				INFOPLIST_KEY_UISupportedInterfaceOrientations_iPhone = "UIInterfaceOrientationPortrait UIInterfaceOrientationLandscapeLeft UIInterfaceOrientationLandscapeRight";
				LD_RUNPATH_SEARCH_PATHS = (
					"$(inherited)",
					"@executable_path/Frameworks",
				);
				MARKETING_VERSION = 1.0;
				PRODUCT_BUNDLE_IDENTIFIER = siamsharif.ToDoProject;
				PRODUCT_NAME = "$(TARGET_NAME)";
				SWIFT_EMIT_LOC_STRINGS = YES;
				SWIFT_VERSION = 5.0;
				TARGETED_DEVICE_FAMILY = "1,2";
			};
			name = Release;
		};
		7A1EA6ED2C32A603007F3856 /* Debug */ = {
			isa = XCBuildConfiguration;
			buildSettings = {
				ALWAYS_EMBED_SWIFT_STANDARD_LIBRARIES = YES;
				BUNDLE_LOADER = "$(TEST_HOST)";
				CODE_SIGN_STYLE = Automatic;
				CURRENT_PROJECT_VERSION = 1;
				GENERATE_INFOPLIST_FILE = YES;
				IPHONEOS_DEPLOYMENT_TARGET = 17.5;
				MARKETING_VERSION = 1.0;
				PRODUCT_BUNDLE_IDENTIFIER = siamsharif.ToDoProjectTests;
				PRODUCT_NAME = "$(TARGET_NAME)";
				SWIFT_EMIT_LOC_STRINGS = NO;
				SWIFT_VERSION = 5.0;
				TARGETED_DEVICE_FAMILY = "1,2";
				TEST_HOST = "$(BUILT_PRODUCTS_DIR)/ToDoProject.app/$(BUNDLE_EXECUTABLE_FOLDER_PATH)/ToDoProject";
			};
			name = Debug;
		};
		7A1EA6EE2C32A603007F3856 /* Release */ = {
			isa = XCBuildConfiguration;
			buildSettings = {
				ALWAYS_EMBED_SWIFT_STANDARD_LIBRARIES = YES;
				BUNDLE_LOADER = "$(TEST_HOST)";
				CODE_SIGN_STYLE = Automatic;
				CURRENT_PROJECT_VERSION = 1;
				GENERATE_INFOPLIST_FILE = YES;
				IPHONEOS_DEPLOYMENT_TARGET = 17.5;
				MARKETING_VERSION = 1.0;
				PRODUCT_BUNDLE_IDENTIFIER = siamsharif.ToDoProjectTests;
				PRODUCT_NAME = "$(TARGET_NAME)";
				SWIFT_EMIT_LOC_STRINGS = NO;
				SWIFT_VERSION = 5.0;
				TARGETED_DEVICE_FAMILY = "1,2";
				TEST_HOST = "$(BUILT_PRODUCTS_DIR)/ToDoProject.app/$(BUNDLE_EXECUTABLE_FOLDER_PATH)/ToDoProject";
			};
			name = Release;
		};
		7A1EA6F02C32A603007F3856 /* Debug */ = {
			isa = XCBuildConfiguration;
			buildSettings = {
				ALWAYS_EMBED_SWIFT_STANDARD_LIBRARIES = YES;
				CODE_SIGN_STYLE = Automatic;
				CURRENT_PROJECT_VERSION = 1;
				GENERATE_INFOPLIST_FILE = YES;
				MARKETING_VERSION = 1.0;
				PRODUCT_BUNDLE_IDENTIFIER = siamsharif.ToDoProjectUITests;
				PRODUCT_NAME = "$(TARGET_NAME)";
				SWIFT_EMIT_LOC_STRINGS = NO;
				SWIFT_VERSION = 5.0;
				TARGETED_DEVICE_FAMILY = "1,2";
				TEST_TARGET_NAME = ToDoProject;
			};
			name = Debug;
		};
		7A1EA6F12C32A603007F3856 /* Release */ = {
			isa = XCBuildConfiguration;
			buildSettings = {
				ALWAYS_EMBED_SWIFT_STANDARD_LIBRARIES = YES;
				CODE_SIGN_STYLE = Automatic;
				CURRENT_PROJECT_VERSION = 1;
				GENERATE_INFOPLIST_FILE = YES;
				MARKETING_VERSION = 1.0;
				PRODUCT_BUNDLE_IDENTIFIER = siamsharif.ToDoProjectUITests;
				PRODUCT_NAME = "$(TARGET_NAME)";
				SWIFT_EMIT_LOC_STRINGS = NO;
				SWIFT_VERSION = 5.0;
				TARGETED_DEVICE_FAMILY = "1,2";
				TEST_TARGET_NAME = ToDoProject;
			};
			name = Release;
		};
/* End XCBuildConfiguration section */

/* Begin XCConfigurationList section */
		7A1EA6BE2C32A5FF007F3856 /* Build configuration list for PBXProject "ToDoProject" */ = {
			isa = XCConfigurationList;
			buildConfigurations = (
				7A1EA6E72C32A603007F3856 /* Debug */,
				7A1EA6E82C32A603007F3856 /* Release */,
			);
			defaultConfigurationIsVisible = 0;
			defaultConfigurationName = Release;
		};
		7A1EA6E92C32A603007F3856 /* Build configuration list for PBXNativeTarget "ToDoProject" */ = {
			isa = XCConfigurationList;
			buildConfigurations = (
				7A1EA6EA2C32A603007F3856 /* Debug */,
				7A1EA6EB2C32A603007F3856 /* Release */,
			);
			defaultConfigurationIsVisible = 0;
			defaultConfigurationName = Release;
		};
		7A1EA6EC2C32A603007F3856 /* Build configuration list for PBXNativeTarget "ToDoProjectTests" */ = {
			isa = XCConfigurationList;
			buildConfigurations = (
				7A1EA6ED2C32A603007F3856 /* Debug */,
				7A1EA6EE2C32A603007F3856 /* Release */,
			);
			defaultConfigurationIsVisible = 0;
			defaultConfigurationName = Release;
		};
		7A1EA6EF2C32A603007F3856 /* Build configuration list for PBXNativeTarget "ToDoProjectUITests" */ = {
			isa = XCConfigurationList;
			buildConfigurations = (
				7A1EA6F02C32A603007F3856 /* Debug */,
				7A1EA6F12C32A603007F3856 /* Release */,
			);
			defaultConfigurationIsVisible = 0;
			defaultConfigurationName = Release;
		};
/* End XCConfigurationList section */

/* Begin XCRemoteSwiftPackageReference section */
		7AEBE6CE2C33C0F9003914D8 /* XCRemoteSwiftPackageReference "firebase-ios-sdk" */ = {
			isa = XCRemoteSwiftPackageReference;
			repositoryURL = "https://github.com/firebase/firebase-ios-sdk";
			requirement = {
				kind = upToNextMajorVersion;
				minimumVersion = 10.28.1;
			};
		};
		7AEBE6E42C33EF32003914D8 /* XCRemoteSwiftPackageReference "Kingfisher" */ = {
			isa = XCRemoteSwiftPackageReference;
			repositoryURL = "https://github.com/onevcat/Kingfisher";
			requirement = {
				kind = upToNextMajorVersion;
				minimumVersion = 7.12.0;
			};
		};
/* End XCRemoteSwiftPackageReference section */

/* Begin XCSwiftPackageProductDependency section */
		7AEBE6CF2C33C0F9003914D8 /* FirebaseAuth */ = {
			isa = XCSwiftPackageProductDependency;
			package = 7AEBE6CE2C33C0F9003914D8 /* XCRemoteSwiftPackageReference "firebase-ios-sdk" */;
			productName = FirebaseAuth;
		};
		7AEBE6D12C33C0F9003914D8 /* FirebaseFirestore */ = {
			isa = XCSwiftPackageProductDependency;
			package = 7AEBE6CE2C33C0F9003914D8 /* XCRemoteSwiftPackageReference "firebase-ios-sdk" */;
			productName = FirebaseFirestore;
		};
		7AEBE6D32C33C0F9003914D8 /* FirebaseStorage */ = {
			isa = XCSwiftPackageProductDependency;
			package = 7AEBE6CE2C33C0F9003914D8 /* XCRemoteSwiftPackageReference "firebase-ios-sdk" */;
			productName = FirebaseStorage;
		};
		7AEBE6E52C33EF32003914D8 /* Kingfisher */ = {
			isa = XCSwiftPackageProductDependency;
			package = 7AEBE6E42C33EF32003914D8 /* XCRemoteSwiftPackageReference "Kingfisher" */;
			productName = Kingfisher;
		};
/* End XCSwiftPackageProductDependency section */
	};
	rootObject = 7A1EA6BB2C32A5FF007F3856 /* Project object */;
}
